{
  "nodes": {
    "berberman": {
      "inputs": {
        "nixpkgs": [
          "nixpkgs"
        ],
        "nvfetcher": "nvfetcher"
      },
      "locked": {
        "lastModified": 1654683237,
        "narHash": "sha256-VhmlPTPClFfkmjmQiuHgkcuEl4qHLwpULy34vfWEY3o=",
        "owner": "berberman",
        "repo": "flakes",
        "rev": "4eca0efcd41306120981c42791c499319e563a7b",
        "type": "github"
      },
      "original": {
        "owner": "berberman",
        "repo": "flakes",
        "type": "github"
      }
    },
    "flake-compat": {
      "flake": false,
      "locked": {
        "lastModified": 1648199409,
        "narHash": "sha256-JwPKdC2PoVBkG6E+eWw3j6BMR6sL3COpYWfif7RVb8Y=",
        "owner": "edolstra",
        "repo": "flake-compat",
        "rev": "64a525ee38886ab9028e6f61790de0832aa3ef03",
        "type": "github"
      },
      "original": {
        "owner": "edolstra",
        "repo": "flake-compat",
        "type": "github"
      }
    },
    "flake-utils": {
      "locked": {
        "lastModified": 1649676176,
        "narHash": "sha256-OWKJratjt2RW151VUlJPRALb7OU2S5s+f0vLj4o1bHM=",
        "owner": "numtide",
        "repo": "flake-utils",
        "rev": "a4b154ebbdc88c8498a5c7b01589addc9e9cb678",
        "type": "github"
      },
      "original": {
        "owner": "numtide",
        "repo": "flake-utils",
        "type": "github"
      }
    },
    "flake-utils_2": {
      "locked": {
        "lastModified": 1653893745,
        "narHash": "sha256-0jntwV3Z8//YwuOjzhV2sgJJPt+HY6KhU7VZUL0fKZQ=",
        "owner": "numtide",
        "repo": "flake-utils",
        "rev": "1ed9fb1935d260de5fe1c2f7ee0ebaae17ed2fa1",
        "type": "github"
      },
      "original": {
        "owner": "numtide",
        "repo": "flake-utils",
        "type": "github"
      }
    },
    "flake-utils_3": {
      "locked": {
        "lastModified": 1638122382,
        "narHash": "sha256-sQzZzAbvKEqN9s0bzWuYmRaA03v40gaJ4+iL1LXjaeI=",
        "owner": "numtide",
        "repo": "flake-utils",
        "rev": "74f7e4319258e287b0f9cb95426c9853b282730b",
        "type": "github"
      },
      "original": {
        "owner": "numtide",
        "repo": "flake-utils",
        "type": "github"
      }
    },
    "nix-dram": {
      "inputs": {
        "flake-utils": [
          "flake-utils"
        ],
        "nixpkgs": [
          "nixpkgs"
        ]
      },
      "locked": {
        "lastModified": 1655475707,
        "narHash": "sha256-hcV3GVr0CT3S+tdqMkrQyWlec/qy8XtIXrnwWtKgeLI=",
        "owner": "dramforever",
        "repo": "nix-dram",
        "rev": "73ab3c6abec7bd17d31b478bb765946e46756e06",
        "type": "github"
      },
      "original": {
        "owner": "dramforever",
        "repo": "nix-dram",
        "type": "github"
      }
    },
    "nixos-cn": {
      "inputs": {
        "flake-utils": "flake-utils_3",
        "nixpkgs": [
          "nixpkgs"
        ]
      },
      "locked": {
        "lastModified": 1655605197,
        "narHash": "sha256-8yCEBdOfOYCLYQeMXztbO+k0jsZoXGdH4nzHSYqBar4=",
        "owner": "nixos-cn",
        "repo": "flakes",
        "rev": "6ca5de73e087a0c2bd09a124981b9f4762ed770a",
        "type": "github"
      },
      "original": {
        "owner": "nixos-cn",
        "repo": "flakes",
        "type": "github"
      }
    },
    "nixpkgs": {
      "locked": {
        "lastModified": 1655567057,
        "narHash": "sha256-Cc5hQSMsTzOHmZnYm8OSJ5RNUp22bd5NADWLHorULWQ=",
        "owner": "NixOS",
        "repo": "nixpkgs",
        "rev": "e0a42267f73ea52adc061a64650fddc59906fc99",
        "type": "github"
      },
      "original": {
        "id": "nixpkgs",
        "ref": "nixos-unstable",
        "type": "indirect"
      }
    },
    "nixpkgs_2": {
      "locked": {
        "lastModified": 1655481042,
        "narHash": "sha256-XHbcywq2vIQ5CeH1OK3TN793jkiNAAZsSctS1PFgseo=",
        "owner": "NixOS",
        "repo": "nixpkgs",
        "rev": "103a4c0ae46afa9cf008c30744175315ca38e9f9",
        "type": "github"
      },
      "original": {
        "owner": "NixOS",
        "ref": "nixpkgs-unstable",
        "repo": "nixpkgs",
        "type": "github"
      }
    },
    "nur": {
      "locked": {
        "lastModified": 1655631379,
        "narHash": "sha256-RR6IeDjgRJwVC/nOp1srNNbtjUFbUda4yZiAQ++L7yQ=",
        "owner": "nix-community",
        "repo": "NUR",
        "rev": "e4364d2a14ea462d0374c5e2781b955a1bd2c4d8",
        "type": "github"
      },
      "original": {
        "owner": "nix-community",
        "repo": "NUR",
        "type": "github"
      }
    },
    "nvfetcher": {
      "inputs": {
        "flake-compat": "flake-compat",
        "flake-utils": "flake-utils",
        "nixpkgs": [
          "berberman",
          "nixpkgs"
        ]
      },
      "locked": {
        "lastModified": 1650169042,
        "narHash": "sha256-x8469XNOU/ebIh5YCuvjcOAaAptwHjkEl1aTFrevu1o=",
        "owner": "berberman",
        "repo": "nvfetcher",
        "rev": "db780dba6923e531b5aedca502a36d3d9627fca9",
        "type": "github"
      },
      "original": {
        "owner": "berberman",
        "repo": "nvfetcher",
        "type": "github"
      }
    },
    "rew": {
      "inputs": {
        "nixpkgs": "nixpkgs_2"
      },
      "locked": {
        "lastModified": 1655580865,
        "narHash": "sha256-ASwqqoXR9JCMBWoGocQi2RDcxdyWIQen7zRttLiyBhY=",
        "owner": "wineee",
        "repo": "rew-flakes",
        "rev": "b2bded9ccf60a043d6354dc22f60fe3d7a82e4f2",
        "type": "github"
      },
      "original": {
        "owner": "wineee",
        "repo": "rew-flakes",
        "type": "github"
      }
    },
    "root": {
      "inputs": {
        "berberman": "berberman",
        "flake-utils": "flake-utils_2",
        "nix-dram": "nix-dram",
        "nixos-cn": "nixos-cn",
        "nixpkgs": "nixpkgs",
        "nur": "nur",
        "rew": "rew"
      }
    }
  },
  "root": "root",
  "version": 7
}
