{
  "nodes": {
    "dde-nixos": {
      "inputs": {
        "flake-utils": "flake-utils",
        "nixpkgs": [
          "nixpkgs"
        ]
      },
      "locked": {
        "lastModified": 1671718592,
        "narHash": "sha256-G1ahNYwjUssnWroJSkJGBp3dT66+ZGL8CtsEzWqRb5w=",
        "owner": "linuxdeepin",
        "repo": "dde-nixos",
        "rev": "90b983f42906a3c009e0a7516f28e4995c37c9b1",
        "type": "github"
      },
      "original": {
        "owner": "linuxdeepin",
        "repo": "dde-nixos",
        "type": "github"
      }
    },
    "emacs-overlay": {
      "inputs": {
        "flake-utils": [
          "flake-utils"
        ],
        "nixpkgs": [
          "nixpkgs"
        ]
      },
      "locked": {
        "lastModified": 1671729646,
        "narHash": "sha256-crrTM9K1q8zGZ2gibEPJAudAnr0bMqPiLr1I8P+I5ls=",
        "owner": "nix-community",
        "repo": "emacs-overlay",
        "rev": "9c95614e0b1a2f6a3f4cf9b99b17439887ea0373",
        "type": "github"
      },
      "original": {
        "owner": "nix-community",
        "repo": "emacs-overlay",
        "type": "github"
      }
    },
    "flake-utils": {
      "locked": {
        "lastModified": 1667395993,
        "narHash": "sha256-nuEHfE/LcWyuSWnS8t12N1wc105Qtau+/OdUAjtQ0rA=",
        "owner": "numtide",
        "repo": "flake-utils",
        "rev": "5aed5285a952e0b949eb3ba02c12fa4fcfef535f",
        "type": "github"
      },
      "original": {
        "owner": "numtide",
        "repo": "flake-utils",
        "type": "github"
      }
    },
    "flake-utils_2": {
      "locked": {
        "lastModified": 1667395993,
        "narHash": "sha256-nuEHfE/LcWyuSWnS8t12N1wc105Qtau+/OdUAjtQ0rA=",
        "owner": "numtide",
        "repo": "flake-utils",
        "rev": "5aed5285a952e0b949eb3ba02c12fa4fcfef535f",
        "type": "github"
      },
      "original": {
        "owner": "numtide",
        "repo": "flake-utils",
        "type": "github"
      }
    },
    "flake-utils_3": {
      "locked": {
        "lastModified": 1638122382,
        "narHash": "sha256-sQzZzAbvKEqN9s0bzWuYmRaA03v40gaJ4+iL1LXjaeI=",
        "owner": "numtide",
        "repo": "flake-utils",
        "rev": "74f7e4319258e287b0f9cb95426c9853b282730b",
        "type": "github"
      },
      "original": {
        "owner": "numtide",
        "repo": "flake-utils",
        "type": "github"
      }
    },
    "grub2-themes": {
      "inputs": {
        "nixpkgs": [
          "nixpkgs"
        ]
      },
      "locked": {
        "lastModified": 1668213765,
        "narHash": "sha256-mTx1jAy6AOY4moWRGvCHYnUNX4qBL/ba47ZcIkhczJM=",
        "owner": "vinceliuice",
        "repo": "grub2-themes",
        "rev": "c106dfb9b5b18ad092ff0f952f2b734933e8283e",
        "type": "github"
      },
      "original": {
        "owner": "vinceliuice",
        "repo": "grub2-themes",
        "type": "github"
      }
    },
    "home-manager": {
      "inputs": {
        "nixpkgs": [
          "nixpkgs"
        ],
        "utils": "utils"
      },
      "locked": {
        "lastModified": 1671578428,
        "narHash": "sha256-YmbpBcPaGz9KE2bC4xPvSdgCSMk0BmS/L3ePvy9TR/M=",
        "owner": "nix-community",
        "repo": "home-manager",
        "rev": "0f8bf4f92efa3c6168705b49a6788abb3612033a",
        "type": "github"
      },
      "original": {
        "owner": "nix-community",
        "ref": "master",
        "repo": "home-manager",
        "type": "github"
      }
    },
    "nixos-cn": {
      "inputs": {
        "flake-utils": "flake-utils_3",
        "nixpkgs": [
          "nixpkgs"
        ]
      },
      "locked": {
        "lastModified": 1671673008,
        "narHash": "sha256-qvaUZZt6og5cWM2sZKgNWuf7gnu4CqevSWcy0DLvrcc=",
        "owner": "nixos-cn",
        "repo": "flakes",
        "rev": "06e3221a4034e6a55dd8938170870309776c2259",
        "type": "github"
      },
      "original": {
        "owner": "nixos-cn",
        "repo": "flakes",
        "type": "github"
      }
    },
    "nixpkgs": {
      "locked": {
        "lastModified": 1671359686,
        "narHash": "sha256-3MpC6yZo+Xn9cPordGz2/ii6IJpP2n8LE8e/ebUXLrs=",
        "owner": "NixOS",
        "repo": "nixpkgs",
        "rev": "04f574a1c0fde90b51bf68198e2297ca4e7cccf4",
        "type": "github"
      },
      "original": {
        "id": "nixpkgs",
        "ref": "nixos-unstable",
        "type": "indirect"
      }
    },
    "nur": {
      "locked": {
        "lastModified": 1671752869,
        "narHash": "sha256-eNaEoTmi5QCtCDhevMN+wNCkwqpFCxkws9h00OdaIa0=",
        "owner": "nix-community",
        "repo": "NUR",
        "rev": "86a024f7bf137db7c2cf1978805d4a719e8556ac",
        "type": "github"
      },
      "original": {
        "owner": "nix-community",
        "repo": "NUR",
        "type": "github"
      }
    },
    "rew": {
      "inputs": {
        "nixpkgs": [
          "nixpkgs"
        ]
      },
      "locked": {
        "lastModified": 1669819483,
        "narHash": "sha256-X2bt7Le6uEoAPh3eu6arTxvt66HRIVz1xTB/Gs2WYY4=",
        "owner": "wineee",
        "repo": "rew-flakes",
        "rev": "ea10eb09fb2f576f3d3a035de524ccb1c3218ef8",
        "type": "github"
      },
      "original": {
        "owner": "wineee",
        "repo": "rew-flakes",
        "type": "github"
      }
    },
    "root": {
      "inputs": {
        "dde-nixos": "dde-nixos",
        "emacs-overlay": "emacs-overlay",
        "flake-utils": "flake-utils_2",
        "grub2-themes": "grub2-themes",
        "home-manager": "home-manager",
        "nixos-cn": "nixos-cn",
        "nixpkgs": "nixpkgs",
        "nur": "nur",
        "rew": "rew"
      }
    },
    "utils": {
      "locked": {
        "lastModified": 1667395993,
        "narHash": "sha256-nuEHfE/LcWyuSWnS8t12N1wc105Qtau+/OdUAjtQ0rA=",
        "owner": "numtide",
        "repo": "flake-utils",
        "rev": "5aed5285a952e0b949eb3ba02c12fa4fcfef535f",
        "type": "github"
      },
      "original": {
        "owner": "numtide",
        "repo": "flake-utils",
        "type": "github"
      }
    }
  },
  "root": "root",
  "version": 7
}
